// !$*UTF8*$!
{
	archiveVersion = 1;
	classes = {
	};
	objectVersion = 45;
	objects = {

/* Begin PBXBuildFile section */
		1D3623260D0F684500981E51 /* iPadTestAppDelegate.m in Sources */ = {isa = PBXBuildFile; fileRef = 1D3623250D0F684500981E51 /* iPadTestAppDelegate.m */; };
		1D60589B0D05DD56006BFB54 /* main.m in Sources */ = {isa = PBXBuildFile; fileRef = 29B97316FDCFA39411CA2CEA /* main.m */; };
		1D60589F0D05DD5A006BFB54 /* Foundation.framework in Frameworks */ = {isa = PBXBuildFile; fileRef = 1D30AB110D05D00D00671497 /* Foundation.framework */; };
		1DF5F4E00D08C38300B7A737 /* UIKit.framework in Frameworks */ = {isa = PBXBuildFile; fileRef = 1DF5F4DF0D08C38300B7A737 /* UIKit.framework */; };
		288765A50DF7441C002DB57D /* CoreGraphics.framework in Frameworks */ = {isa = PBXBuildFile; fileRef = 288765A40DF7441C002DB57D /* CoreGraphics.framework */; };
		2899E5220DE3E06400AC0155 /* iPadTestViewController.xib in Resources */ = {isa = PBXBuildFile; fileRef = 2899E5210DE3E06400AC0155 /* iPadTestViewController.xib */; };
		28AD733F0D9D9553002E5188 /* MainWindow.xib in Resources */ = {isa = PBXBuildFile; fileRef = 28AD733E0D9D9553002E5188 /* MainWindow.xib */; };
		28D7ACF80DDB3853001CB0EB /* iPadTestViewController.m in Sources */ = {isa = PBXBuildFile; fileRef = 28D7ACF70DDB3853001CB0EB /* iPadTestViewController.m */; };
		3C1689EA13307B8A002CF571 /* StoreKit.framework in Frameworks */ = {isa = PBXBuildFile; fileRef = 3C1689E913307B8A002CF571 /* StoreKit.framework */; };
		3C168A7513308081002CF571 /* iAd.framework in Frameworks */ = {isa = PBXBuildFile; fileRef = 3C168A7413308081002CF571 /* iAd.framework */; };
		3C168ABE13308481002CF571 /* SmallViewController.m in Sources */ = {isa = PBXBuildFile; fileRef = 3C168ABD13308481002CF571 /* SmallViewController.m */; };
		3C168D3013317C24002CF571 /* MPAdapterMap.m in Sources */ = {isa = PBXBuildFile; fileRef = 3C168D1B13317C24002CF571 /* MPAdapterMap.m */; };
		3C168D3113317C24002CF571 /* MPAdBrowserController.m in Sources */ = {isa = PBXBuildFile; fileRef = 3C168D1D13317C24002CF571 /* MPAdBrowserController.m */; };
		3C168D3213317C24002CF571 /* MPAdConversionTracker.m in Sources */ = {isa = PBXBuildFile; fileRef = 3C168D1F13317C24002CF571 /* MPAdConversionTracker.m */; };
		3C168D3313317C24002CF571 /* MPAdView.m in Sources */ = {isa = PBXBuildFile; fileRef = 3C168D2113317C24002CF571 /* MPAdView.m */; };
		3C168D3413317C24002CF571 /* MPBaseAdapter.m in Sources */ = {isa = PBXBuildFile; fileRef = 3C168D2313317C24002CF571 /* MPBaseAdapter.m */; };
		3C168D3513317C24002CF571 /* MPCloseButtonX.png in Resources */ = {isa = PBXBuildFile; fileRef = 3C168D2413317C24002CF571 /* MPCloseButtonX.png */; };
		3C168D3613317C24002CF571 /* MPCustomEventAdapter.m in Sources */ = {isa = PBXBuildFile; fileRef = 3C168D2713317C24002CF571 /* MPCustomEventAdapter.m */; };
		3C168D3713317C24002CF571 /* MPInterstitialAdController.m in Sources */ = {isa = PBXBuildFile; fileRef = 3C168D2913317C24002CF571 /* MPInterstitialAdController.m */; };
		3C168D3813317C24002CF571 /* MPLogging.m in Sources */ = {isa = PBXBuildFile; fileRef = 3C168D2B13317C24002CF571 /* MPLogging.m */; };
		3C168D3913317C24002CF571 /* MPStore.m in Sources */ = {isa = PBXBuildFile; fileRef = 3C168D2D13317C24002CF571 /* MPStore.m */; };
		3C168D3A13317C24002CF571 /* MPTimer.m in Sources */ = {isa = PBXBuildFile; fileRef = 3C168D2F13317C24002CF571 /* MPTimer.m */; };
		3C168D4113317C2B002CF571 /* MPIAdAdapter.m in Sources */ = {isa = PBXBuildFile; fileRef = 3C168D3F13317C2B002CF571 /* MPIAdAdapter.m */; };
		3CA2248B1343B21E0078FC88 /* MPAdBrowserController.xib in Resources */ = {isa = PBXBuildFile; fileRef = 3CA2248A1343B21E0078FC88 /* MPAdBrowserController.xib */; };
/* End PBXBuildFile section */

/* Begin PBXFileReference section */
		1D30AB110D05D00D00671497 /* Foundation.framework */ = {isa = PBXFileReference; lastKnownFileType = wrapper.framework; name = Foundation.framework; path = System/Library/Frameworks/Foundation.framework; sourceTree = SDKROOT; };
		1D3623240D0F684500981E51 /* iPadTestAppDelegate.h */ = {isa = PBXFileReference; fileEncoding = 4; lastKnownFileType = sourcecode.c.h; path = iPadTestAppDelegate.h; sourceTree = "<group>"; };
		1D3623250D0F684500981E51 /* iPadTestAppDelegate.m */ = {isa = PBXFileReference; fileEncoding = 4; lastKnownFileType = sourcecode.c.objc; path = iPadTestAppDelegate.m; sourceTree = "<group>"; };
		1D6058910D05DD3D006BFB54 /* iPadTest.app */ = {isa = PBXFileReference; explicitFileType = wrapper.application; includeInIndex = 0; path = iPadTest.app; sourceTree = BUILT_PRODUCTS_DIR; };
		1DF5F4DF0D08C38300B7A737 /* UIKit.framework */ = {isa = PBXFileReference; lastKnownFileType = wrapper.framework; name = UIKit.framework; path = System/Library/Frameworks/UIKit.framework; sourceTree = SDKROOT; };
		288765A40DF7441C002DB57D /* CoreGraphics.framework */ = {isa = PBXFileReference; lastKnownFileType = wrapper.framework; name = CoreGraphics.framework; path = System/Library/Frameworks/CoreGraphics.framework; sourceTree = SDKROOT; };
		2899E5210DE3E06400AC0155 /* iPadTestViewController.xib */ = {isa = PBXFileReference; lastKnownFileType = file.xib; path = iPadTestViewController.xib; sourceTree = "<group>"; };
		28AD733E0D9D9553002E5188 /* MainWindow.xib */ = {isa = PBXFileReference; lastKnownFileType = file.xib; path = MainWindow.xib; sourceTree = "<group>"; };
		28D7ACF60DDB3853001CB0EB /* iPadTestViewController.h */ = {isa = PBXFileReference; fileEncoding = 4; lastKnownFileType = sourcecode.c.h; path = iPadTestViewController.h; sourceTree = "<group>"; };
		28D7ACF70DDB3853001CB0EB /* iPadTestViewController.m */ = {isa = PBXFileReference; fileEncoding = 4; lastKnownFileType = sourcecode.c.objc; path = iPadTestViewController.m; sourceTree = "<group>"; };
		29B97316FDCFA39411CA2CEA /* main.m */ = {isa = PBXFileReference; fileEncoding = 4; lastKnownFileType = sourcecode.c.objc; path = main.m; sourceTree = "<group>"; };
		32CA4F630368D1EE00C91783 /* iPadTest_Prefix.pch */ = {isa = PBXFileReference; fileEncoding = 4; lastKnownFileType = sourcecode.c.h; path = iPadTest_Prefix.pch; sourceTree = "<group>"; };
		3C1689E913307B8A002CF571 /* StoreKit.framework */ = {isa = PBXFileReference; lastKnownFileType = wrapper.framework; name = StoreKit.framework; path = System/Library/Frameworks/StoreKit.framework; sourceTree = SDKROOT; };
		3C168A7413308081002CF571 /* iAd.framework */ = {isa = PBXFileReference; lastKnownFileType = wrapper.framework; name = iAd.framework; path = System/Library/Frameworks/iAd.framework; sourceTree = SDKROOT; };
		3C168ABC13308481002CF571 /* SmallViewController.h */ = {isa = PBXFileReference; fileEncoding = 4; lastKnownFileType = sourcecode.c.h; path = SmallViewController.h; sourceTree = "<group>"; };
		3C168ABD13308481002CF571 /* SmallViewController.m */ = {isa = PBXFileReference; fileEncoding = 4; lastKnownFileType = sourcecode.c.objc; path = SmallViewController.m; sourceTree = "<group>"; };
		3C168D1A13317C24002CF571 /* MPAdapterMap.h */ = {isa = PBXFileReference; fileEncoding = 4; lastKnownFileType = sourcecode.c.h; path = MPAdapterMap.h; sourceTree = "<group>"; };
		3C168D1B13317C24002CF571 /* MPAdapterMap.m */ = {isa = PBXFileReference; fileEncoding = 4; lastKnownFileType = sourcecode.c.objc; path = MPAdapterMap.m; sourceTree = "<group>"; };
		3C168D1C13317C24002CF571 /* MPAdBrowserController.h */ = {isa = PBXFileReference; fileEncoding = 4; lastKnownFileType = sourcecode.c.h; path = MPAdBrowserController.h; sourceTree = "<group>"; };
		3C168D1D13317C24002CF571 /* MPAdBrowserController.m */ = {isa = PBXFileReference; fileEncoding = 4; lastKnownFileType = sourcecode.c.objc; path = MPAdBrowserController.m; sourceTree = "<group>"; };
		3C168D1E13317C24002CF571 /* MPAdConversionTracker.h */ = {isa = PBXFileReference; fileEncoding = 4; lastKnownFileType = sourcecode.c.h; path = MPAdConversionTracker.h; sourceTree = "<group>"; };
		3C168D1F13317C24002CF571 /* MPAdConversionTracker.m */ = {isa = PBXFileReference; fileEncoding = 4; lastKnownFileType = sourcecode.c.objc; path = MPAdConversionTracker.m; sourceTree = "<group>"; };
		3C168D2013317C24002CF571 /* MPAdView.h */ = {isa = PBXFileReference; fileEncoding = 4; lastKnownFileType = sourcecode.c.h; path = MPAdView.h; sourceTree = "<group>"; };
		3C168D2113317C24002CF571 /* MPAdView.m */ = {isa = PBXFileReference; fileEncoding = 4; lastKnownFileType = sourcecode.c.objc; path = MPAdView.m; sourceTree = "<group>"; };
		3C168D2213317C24002CF571 /* MPBaseAdapter.h */ = {isa = PBXFileReference; fileEncoding = 4; lastKnownFileType = sourcecode.c.h; path = MPBaseAdapter.h; sourceTree = "<group>"; };
		3C168D2313317C24002CF571 /* MPBaseAdapter.m */ = {isa = PBXFileReference; fileEncoding = 4; lastKnownFileType = sourcecode.c.objc; path = MPBaseAdapter.m; sourceTree = "<group>"; };
		3C168D2413317C24002CF571 /* MPCloseButtonX.png */ = {isa = PBXFileReference; lastKnownFileType = image.png; path = MPCloseButtonX.png; sourceTree = "<group>"; };
		3C168D2513317C24002CF571 /* MPConstants.h */ = {isa = PBXFileReference; fileEncoding = 4; lastKnownFileType = sourcecode.c.h; path = MPConstants.h; sourceTree = "<group>"; };
		3C168D2613317C24002CF571 /* MPCustomEventAdapter.h */ = {isa = PBXFileReference; fileEncoding = 4; lastKnownFileType = sourcecode.c.h; path = MPCustomEventAdapter.h; sourceTree = "<group>"; };
		3C168D2713317C24002CF571 /* MPCustomEventAdapter.m */ = {isa = PBXFileReference; fileEncoding = 4; lastKnownFileType = sourcecode.c.objc; path = MPCustomEventAdapter.m; sourceTree = "<group>"; };
		3C168D2813317C24002CF571 /* MPInterstitialAdController.h */ = {isa = PBXFileReference; fileEncoding = 4; lastKnownFileType = sourcecode.c.h; path = MPInterstitialAdController.h; sourceTree = "<group>"; };
		3C168D2913317C24002CF571 /* MPInterstitialAdController.m */ = {isa = PBXFileReference; fileEncoding = 4; lastKnownFileType = sourcecode.c.objc; path = MPInterstitialAdController.m; sourceTree = "<group>"; };
		3C168D2A13317C24002CF571 /* MPLogging.h */ = {isa = PBXFileReference; fileEncoding = 4; lastKnownFileType = sourcecode.c.h; path = MPLogging.h; sourceTree = "<group>"; };
		3C168D2B13317C24002CF571 /* MPLogging.m */ = {isa = PBXFileReference; fileEncoding = 4; lastKnownFileType = sourcecode.c.objc; path = MPLogging.m; sourceTree = "<group>"; };
		3C168D2C13317C24002CF571 /* MPStore.h */ = {isa = PBXFileReference; fileEncoding = 4; lastKnownFileType = sourcecode.c.h; path = MPStore.h; sourceTree = "<group>"; };
		3C168D2D13317C24002CF571 /* MPStore.m */ = {isa = PBXFileReference; fileEncoding = 4; lastKnownFileType = sourcecode.c.objc; path = MPStore.m; sourceTree = "<group>"; };
		3C168D2E13317C24002CF571 /* MPTimer.h */ = {isa = PBXFileReference; fileEncoding = 4; lastKnownFileType = sourcecode.c.h; path = MPTimer.h; sourceTree = "<group>"; };
		3C168D2F13317C24002CF571 /* MPTimer.m */ = {isa = PBXFileReference; fileEncoding = 4; lastKnownFileType = sourcecode.c.objc; path = MPTimer.m; sourceTree = "<group>"; };
		3C168D3C13317C2B002CF571 /* MPGoogleAdSenseAdapter.h */ = {isa = PBXFileReference; fileEncoding = 4; lastKnownFileType = sourcecode.c.h; path = MPGoogleAdSenseAdapter.h; sourceTree = "<group>"; };
		3C168D3D13317C2B002CF571 /* MPGoogleAdSenseAdapter.m */ = {isa = PBXFileReference; fileEncoding = 4; lastKnownFileType = sourcecode.c.objc; path = MPGoogleAdSenseAdapter.m; sourceTree = "<group>"; };
		3C168D3E13317C2B002CF571 /* MPIAdAdapter.h */ = {isa = PBXFileReference; fileEncoding = 4; lastKnownFileType = sourcecode.c.h; path = MPIAdAdapter.h; sourceTree = "<group>"; };
		3C168D3F13317C2B002CF571 /* MPIAdAdapter.m */ = {isa = PBXFileReference; fileEncoding = 4; lastKnownFileType = sourcecode.c.objc; path = MPIAdAdapter.m; sourceTree = "<group>"; };
		3CA2248A1343B21E0078FC88 /* MPAdBrowserController.xib */ = {isa = PBXFileReference; lastKnownFileType = file.xib; path = MPAdBrowserController.xib; sourceTree = "<group>"; };
		8D1107310486CEB800E47090 /* iPadTest-Info.plist */ = {isa = PBXFileReference; fileEncoding = 4; lastKnownFileType = text.plist.xml; path = "iPadTest-Info.plist"; plistStructureDefinitionIdentifier = "com.apple.xcode.plist.structure-definition.iphone.info-plist"; sourceTree = "<group>"; };
/* End PBXFileReference section */

/* Begin PBXFrameworksBuildPhase section */
		1D60588F0D05DD3D006BFB54 /* Frameworks */ = {
			isa = PBXFrameworksBuildPhase;
			buildActionMask = 2147483647;
			files = (
				1D60589F0D05DD5A006BFB54 /* Foundation.framework in Frameworks */,
				1DF5F4E00D08C38300B7A737 /* UIKit.framework in Frameworks */,
				288765A50DF7441C002DB57D /* CoreGraphics.framework in Frameworks */,
				3C1689EA13307B8A002CF571 /* StoreKit.framework in Frameworks */,
				3C168A7513308081002CF571 /* iAd.framework in Frameworks */,
			);
			runOnlyForDeploymentPostprocessing = 0;
		};
/* End PBXFrameworksBuildPhase section */

/* Begin PBXGroup section */
		080E96DDFE201D6D7F000001 /* Classes */ = {
			isa = PBXGroup;
			children = (
				1D3623240D0F684500981E51 /* iPadTestAppDelegate.h */,
				1D3623250D0F684500981E51 /* iPadTestAppDelegate.m */,
				28D7ACF60DDB3853001CB0EB /* iPadTestViewController.h */,
				28D7ACF70DDB3853001CB0EB /* iPadTestViewController.m */,
				3C168ABC13308481002CF571 /* SmallViewController.h */,
				3C168ABD13308481002CF571 /* SmallViewController.m */,
			);
			path = Classes;
			sourceTree = "<group>";
		};
		19C28FACFE9D520D11CA2CBB /* Products */ = {
			isa = PBXGroup;
			children = (
				1D6058910D05DD3D006BFB54 /* iPadTest.app */,
			);
			name = Products;
			sourceTree = "<group>";
		};
		29B97314FDCFA39411CA2CEA /* CustomTemplate */ = {
			isa = PBXGroup;
			children = (
				3C168D3B13317C2B002CF571 /* MoPubNetworkAdapters */,
				3C168D1913317C24002CF571 /* MoPubSDK */,
				080E96DDFE201D6D7F000001 /* Classes */,
				29B97315FDCFA39411CA2CEA /* Other Sources */,
				29B97317FDCFA39411CA2CEA /* Resources */,
				29B97323FDCFA39411CA2CEA /* Frameworks */,
				19C28FACFE9D520D11CA2CBB /* Products */,
			);
			name = CustomTemplate;
			sourceTree = "<group>";
		};
		29B97315FDCFA39411CA2CEA /* Other Sources */ = {
			isa = PBXGroup;
			children = (
				32CA4F630368D1EE00C91783 /* iPadTest_Prefix.pch */,
				29B97316FDCFA39411CA2CEA /* main.m */,
			);
			name = "Other Sources";
			sourceTree = "<group>";
		};
		29B97317FDCFA39411CA2CEA /* Resources */ = {
			isa = PBXGroup;
			children = (
				2899E5210DE3E06400AC0155 /* iPadTestViewController.xib */,
				28AD733E0D9D9553002E5188 /* MainWindow.xib */,
				8D1107310486CEB800E47090 /* iPadTest-Info.plist */,
			);
			name = Resources;
			sourceTree = "<group>";
		};
		29B97323FDCFA39411CA2CEA /* Frameworks */ = {
			isa = PBXGroup;
			children = (
				3C168A7413308081002CF571 /* iAd.framework */,
				1DF5F4DF0D08C38300B7A737 /* UIKit.framework */,
				1D30AB110D05D00D00671497 /* Foundation.framework */,
				288765A40DF7441C002DB57D /* CoreGraphics.framework */,
				3C1689E913307B8A002CF571 /* StoreKit.framework */,
			);
			name = Frameworks;
			sourceTree = "<group>";
		};
		3C168D1913317C24002CF571 /* MoPubSDK */ = {
			isa = PBXGroup;
			children = (
				3C168D1A13317C24002CF571 /* MPAdapterMap.h */,
				3C168D1B13317C24002CF571 /* MPAdapterMap.m */,
				3CA2248A1343B21E0078FC88 /* MPAdBrowserController.xib */,
				3C168D1C13317C24002CF571 /* MPAdBrowserController.h */,
				3C168D1D13317C24002CF571 /* MPAdBrowserController.m */,
				3C168D1E13317C24002CF571 /* MPAdConversionTracker.h */,
				3C168D1F13317C24002CF571 /* MPAdConversionTracker.m */,
				3C168D2013317C24002CF571 /* MPAdView.h */,
				3C168D2113317C24002CF571 /* MPAdView.m */,
				3C168D2213317C24002CF571 /* MPBaseAdapter.h */,
				3C168D2313317C24002CF571 /* MPBaseAdapter.m */,
				3C168D2413317C24002CF571 /* MPCloseButtonX.png */,
				3C168D2513317C24002CF571 /* MPConstants.h */,
				3C168D2613317C24002CF571 /* MPCustomEventAdapter.h */,
				3C168D2713317C24002CF571 /* MPCustomEventAdapter.m */,
				3C168D2813317C24002CF571 /* MPInterstitialAdController.h */,
				3C168D2913317C24002CF571 /* MPInterstitialAdController.m */,
				3C168D2A13317C24002CF571 /* MPLogging.h */,
				3C168D2B13317C24002CF571 /* MPLogging.m */,
				3C168D2C13317C24002CF571 /* MPStore.h */,
				3C168D2D13317C24002CF571 /* MPStore.m */,
				3C168D2E13317C24002CF571 /* MPTimer.h */,
				3C168D2F13317C24002CF571 /* MPTimer.m */,
			);
			name = MoPubSDK;
			path = ../MoPubSDK;
			sourceTree = SOURCE_ROOT;
		};
		3C168D3B13317C2B002CF571 /* MoPubNetworkAdapters */ = {
			isa = PBXGroup;
			children = (
				3C168D3C13317C2B002CF571 /* MPGoogleAdSenseAdapter.h */,
				3C168D3D13317C2B002CF571 /* MPGoogleAdSenseAdapter.m */,
				3C168D3E13317C2B002CF571 /* MPIAdAdapter.h */,
				3C168D3F13317C2B002CF571 /* MPIAdAdapter.m */,
			);
			name = MoPubNetworkAdapters;
			path = ../extras/MoPubNetworkAdapters;
			sourceTree = SOURCE_ROOT;
		};
/* End PBXGroup section */

/* Begin PBXNativeTarget section */
		1D6058900D05DD3D006BFB54 /* iPadTest */ = {
			isa = PBXNativeTarget;
			buildConfigurationList = 1D6058960D05DD3E006BFB54 /* Build configuration list for PBXNativeTarget "iPadTest" */;
			buildPhases = (
				1D60588D0D05DD3D006BFB54 /* Resources */,
				1D60588E0D05DD3D006BFB54 /* Sources */,
				1D60588F0D05DD3D006BFB54 /* Frameworks */,
			);
			buildRules = (
			);
			dependencies = (
			);
			name = iPadTest;
			productName = iPadTest;
			productReference = 1D6058910D05DD3D006BFB54 /* iPadTest.app */;
			productType = "com.apple.product-type.application";
		};
/* End PBXNativeTarget section */

/* Begin PBXProject section */
		29B97313FDCFA39411CA2CEA /* Project object */ = {
			isa = PBXProject;
			buildConfigurationList = C01FCF4E08A954540054247B /* Build configuration list for PBXProject "iPadTest" */;
			compatibilityVersion = "Xcode 3.1";
			developmentRegion = English;
			hasScannedForEncodings = 1;
			knownRegions = (
				English,
				Japanese,
				French,
				German,
			);
			mainGroup = 29B97314FDCFA39411CA2CEA /* CustomTemplate */;
			projectDirPath = "";
			projectRoot = "";
			targets = (
				1D6058900D05DD3D006BFB54 /* iPadTest */,
			);
		};
/* End PBXProject section */

/* Begin PBXResourcesBuildPhase section */
		1D60588D0D05DD3D006BFB54 /* Resources */ = {
			isa = PBXResourcesBuildPhase;
			buildActionMask = 2147483647;
			files = (
				28AD733F0D9D9553002E5188 /* MainWindow.xib in Resources */,
				2899E5220DE3E06400AC0155 /* iPadTestViewController.xib in Resources */,
				3C168D3513317C24002CF571 /* MPCloseButtonX.png in Resources */,
				3CA2248B1343B21E0078FC88 /* MPAdBrowserController.xib in Resources */,
			);
			runOnlyForDeploymentPostprocessing = 0;
		};
/* End PBXResourcesBuildPhase section */

/* Begin PBXSourcesBuildPhase section */
		1D60588E0D05DD3D006BFB54 /* Sources */ = {
			isa = PBXSourcesBuildPhase;
			buildActionMask = 2147483647;
			files = (
				1D60589B0D05DD56006BFB54 /* main.m in Sources */,
				1D3623260D0F684500981E51 /* iPadTestAppDelegate.m in Sources */,
				28D7ACF80DDB3853001CB0EB /* iPadTestViewController.m in Sources */,
				3C168ABE13308481002CF571 /* SmallViewController.m in Sources */,
				3C168D3013317C24002CF571 /* MPAdapterMap.m in Sources */,
				3C168D3113317C24002CF571 /* MPAdBrowserController.m in Sources */,
				3C168D3213317C24002CF571 /* MPAdConversionTracker.m in Sources */,
				3C168D3313317C24002CF571 /* MPAdView.m in Sources */,
				3C168D3413317C24002CF571 /* MPBaseAdapter.m in Sources */,
				3C168D3613317C24002CF571 /* MPCustomEventAdapter.m in Sources */,
				3C168D3713317C24002CF571 /* MPInterstitialAdController.m in Sources */,
				3C168D3813317C24002CF571 /* MPLogging.m in Sources */,
				3C168D3913317C24002CF571 /* MPStore.m in Sources */,
				3C168D3A13317C24002CF571 /* MPTimer.m in Sources */,
				3C168D4113317C2B002CF571 /* MPIAdAdapter.m in Sources */,
			);
			runOnlyForDeploymentPostprocessing = 0;
		};
/* End PBXSourcesBuildPhase section */

/* Begin XCBuildConfiguration section */
		1D6058940D05DD3E006BFB54 /* Debug */ = {
			isa = XCBuildConfiguration;
			buildSettings = {
				ALWAYS_SEARCH_USER_PATHS = NO;
				COPY_PHASE_STRIP = NO;
				GCC_DYNAMIC_NO_PIC = NO;
				GCC_OPTIMIZATION_LEVEL = 0;
				GCC_PRECOMPILE_PREFIX_HEADER = YES;
				GCC_PREFIX_HEADER = iPadTest_Prefix.pch;
				INFOPLIST_FILE = "iPadTest-Info.plist";
				PRODUCT_NAME = iPadTest;
			};
			name = Debug;
		};
		1D6058950D05DD3E006BFB54 /* Release */ = {
			isa = XCBuildConfiguration;
			buildSettings = {
				ALWAYS_SEARCH_USER_PATHS = NO;
				COPY_PHASE_STRIP = YES;
				GCC_PRECOMPILE_PREFIX_HEADER = YES;
				GCC_PREFIX_HEADER = iPadTest_Prefix.pch;
				INFOPLIST_FILE = "iPadTest-Info.plist";
				PRODUCT_NAME = iPadTest;
				VALIDATE_PRODUCT = YES;
			};
			name = Release;
		};
		C01FCF4F08A954540054247B /* Debug */ = {
			isa = XCBuildConfiguration;
			buildSettings = {
				ARCHS = "$(ARCHS_UNIVERSAL_IPHONE_OS)";
				"CODE_SIGN_IDENTITY[sdk=iphoneos*]" = "iPhone Developer";
				GCC_C_LANGUAGE_STANDARD = c99;
				GCC_WARN_ABOUT_RETURN_TYPE = YES;
				GCC_WARN_UNUSED_VARIABLE = YES;
				PREBINDING = NO;
				SDKROOT = iphoneos;
				TARGETED_DEVICE_FAMILY = 2;
			};
			name = Debug;
		};
		C01FCF5008A954540054247B /* Release */ = {
			isa = XCBuildConfiguration;
			buildSettings = {
				ARCHS = "$(ARCHS_UNIVERSAL_IPHONE_OS)";
				"CODE_SIGN_IDENTITY[sdk=iphoneos*]" = "iPhone Developer";
				GCC_C_LANGUAGE_STANDARD = c99;
				GCC_WARN_ABOUT_RETURN_TYPE = YES;
				GCC_WARN_UNUSED_VARIABLE = YES;
				OTHER_CFLAGS = "-DNS_BLOCK_ASSERTIONS=1";
				PREBINDING = NO;
				SDKROOT = iphoneos;
				TARGETED_DEVICE_FAMILY = 2;
			};
			name = Release;
		};
/* End XCBuildConfiguration section */

/* Begin XCConfigurationList section */
		1D6058960D05DD3E006BFB54 /* Build configuration list for PBXNativeTarget "iPadTest" */ = {
			isa = XCConfigurationList;
			buildConfigurations = (
				1D6058940D05DD3E006BFB54 /* Debug */,
				1D6058950D05DD3E006BFB54 /* Release */,
			);
			defaultConfigurationIsVisible = 0;
			defaultConfigurationName = Release;
		};
		C01FCF4E08A954540054247B /* Build configuration list for PBXProject "iPadTest" */ = {
			isa = XCConfigurationList;
			buildConfigurations = (
				C01FCF4F08A954540054247B /* Debug */,
				C01FCF5008A954540054247B /* Release */,
			);
			defaultConfigurationIsVisible = 0;
			defaultConfigurationName = Release;
		};
/* End XCConfigurationList section */
	};
	rootObject = 29B97313FDCFA39411CA2CEA /* Project object */;
}
